// !$*UTF8*$!
{
	archiveVersion = 1;
	classes = {
	};
	objectVersion = 46;
	objects = {

/* Begin PBXBuildFile section */
		6B08FFC51C1DF5F300C66383 /* main.m in Sources */ = {isa = PBXBuildFile; fileRef = 6B08FFC41C1DF5F300C66383 /* main.m */; };
		6B08FFCD1C1E093600C66383 /* CarUtilities.m in Sources */ = {isa = PBXBuildFile; fileRef = 6B08FFCC1C1E093600C66383 /* CarUtilities.m */; };
		6B08FFD01C1E1A0F00C66383 /* Car.m in Sources */ = {isa = PBXBuildFile; fileRef = 6B08FFCF1C1E1A0F00C66383 /* Car.m */; };
/* End PBXBuildFile section */

/* Begin PBXCopyFilesBuildPhase section */
		6B08FFBF1C1DF5F300C66383 /* CopyFiles */ = {
			isa = PBXCopyFilesBuildPhase;
			buildActionMask = 2147483647;
			dstPath = /usr/share/man/man1/;
			dstSubfolderSpec = 0;
			files = (
			);
			runOnlyForDeploymentPostprocessing = 1;
		};
/* End PBXCopyFilesBuildPhase section */

/* Begin PBXFileReference section */
		6B08FFC11C1DF5F300C66383 /* Ry Objective-C Tutorial */ = {isa = PBXFileReference; explicitFileType = "compiled.mach-o.executable"; includeInIndex = 0; path = "Ry Objective-C Tutorial"; sourceTree = BUILT_PRODUCTS_DIR; };
		6B08FFC41C1DF5F300C66383 /* main.m */ = {isa = PBXFileReference; lastKnownFileType = sourcecode.c.objc; path = main.m; sourceTree = "<group>"; };
		6B08FFCB1C1E091200C66383 /* CarUtilities.h */ = {isa = PBXFileReference; lastKnownFileType = sourcecode.c.h; name = CarUtilities.h; path = ../CarUtilities.h; sourceTree = "<group>"; };
		6B08FFCC1C1E093600C66383 /* CarUtilities.m */ = {isa = PBXFileReference; fileEncoding = 4; lastKnownFileType = sourcecode.c.objc; name = CarUtilities.m; path = ../CarUtilities.m; sourceTree = "<group>"; };
		6B08FFCE1C1E1A0F00C66383 /* Car.h */ = {isa = PBXFileReference; fileEncoding = 4; lastKnownFileType = sourcecode.c.h; path = Car.h; sourceTree = "<group>"; };
		6B08FFCF1C1E1A0F00C66383 /* Car.m */ = {isa = PBXFileReference; fileEncoding = 4; lastKnownFileType = sourcecode.c.objc; path = Car.m; sourceTree = "<group>"; };
/* End PBXFileReference section */

/* Begin PBXFrameworksBuildPhase section */
		6B08FFBE1C1DF5F300C66383 /* Frameworks */ = {
			isa = PBXFrameworksBuildPhase;
			buildActionMask = 2147483647;
			files = (
			);
			runOnlyForDeploymentPostprocessing = 0;
		};
/* End PBXFrameworksBuildPhase section */

/* Begin PBXGroup section */
		6B08FFB81C1DF5F300C66383 = {
			isa = PBXGroup;
			children = (
				6B08FFC31C1DF5F300C66383 /* Ry Objective-C Tutorial */,
				6B08FFC21C1DF5F300C66383 /* Products */,
			);
			sourceTree = "<group>";
		};
		6B08FFC21C1DF5F300C66383 /* Products */ = {
			isa = PBXGroup;
			children = (
				6B08FFC11C1DF5F300C66383 /* Ry Objective-C Tutorial */,
			);
			name = Products;
			sourceTree = "<group>";
		};
		6B08FFC31C1DF5F300C66383 /* Ry Objective-C Tutorial */ = {
			isa = PBXGroup;
			children = (
				6B08FFCB1C1E091200C66383 /* CarUtilities.h */,
				6B08FFCC1C1E093600C66383 /* CarUtilities.m */,
				6B08FFC41C1DF5F300C66383 /* main.m */,
				6B08FFCE1C1E1A0F00C66383 /* Car.h */,
				6B08FFCF1C1E1A0F00C66383 /* Car.m */,
			);
			path = "Ry Objective-C Tutorial";
			sourceTree = "<group>";
		};
/* End PBXGroup section */

/* Begin PBXNativeTarget section */
		6B08FFC01C1DF5F300C66383 /* Ry Objective-C Tutorial */ = {
			isa = PBXNativeTarget;
			buildConfigurationList = 6B08FFC81C1DF5F300C66383 /* Build configuration list for PBXNativeTarget "Ry Objective-C Tutorial" */;
			buildPhases = (
				6B08FFBD1C1DF5F300C66383 /* Sources */,
				6B08FFBE1C1DF5F300C66383 /* Frameworks */,
				6B08FFBF1C1DF5F300C66383 /* CopyFiles */,
			);
			buildRules = (
			);
			dependencies = (
			);
			name = "Ry Objective-C Tutorial";
			productName = "Ry Objective-C Tutorial";
			productReference = 6B08FFC11C1DF5F300C66383 /* Ry Objective-C Tutorial */;
			productType = "com.apple.product-type.tool";
		};
/* End PBXNativeTarget section */

/* Begin PBXProject section */
		6B08FFB91C1DF5F300C66383 /* Project object */ = {
			isa = PBXProject;
			attributes = {
				LastUpgradeCheck = 0710;
				ORGANIZATIONNAME = "Matthew Allen Lin Software";
				TargetAttributes = {
					6B08FFC01C1DF5F300C66383 = {
						CreatedOnToolsVersion = 7.1.1;
					};
				};
			};
			buildConfigurationList = 6B08FFBC1C1DF5F300C66383 /* Build configuration list for PBXProject "Ry Objective-C Tutorial" */;
			compatibilityVersion = "Xcode 3.2";
			developmentRegion = English;
			hasScannedForEncodings = 0;
			knownRegions = (
				en,
			);
			mainGroup = 6B08FFB81C1DF5F300C66383;
			productRefGroup = 6B08FFC21C1DF5F300C66383 /* Products */;
			projectDirPath = "";
			projectRoot = "";
			targets = (
				6B08FFC01C1DF5F300C66383 /* Ry Objective-C Tutorial */,
			);
		};
/* End PBXProject section */

/* Begin PBXSourcesBuildPhase section */
		6B08FFBD1C1DF5F300C66383 /* Sources */ = {
			isa = PBXSourcesBuildPhase;
			buildActionMask = 2147483647;
			files = (
				6B08FFD01C1E1A0F00C66383 /* Car.m in Sources */,
				6B08FFC51C1DF5F300C66383 /* main.m in Sources */,
				6B08FFCD1C1E093600C66383 /* CarUtilities.m in Sources */,
			);
			runOnlyForDeploymentPostprocessing = 0;
		};
/* End PBXSourcesBuildPhase section */

/* Begin XCBuildConfiguration section */
		6B08FFC61C1DF5F300C66383 /* Debug */ = {
			isa = XCBuildConfiguration;
			buildSettings = {
				ALWAYS_SEARCH_USER_PATHS = NO;
				CLANG_CXX_LANGUAGE_STANDARD = "gnu++0x";
				CLANG_CXX_LIBRARY = "libc++";
				CLANG_ENABLE_MODULES = YES;
				CLANG_ENABLE_OBJC_ARC = YES;
				CLANG_WARN_BOOL_CONVERSION = YES;
				CLANG_WARN_CONSTANT_CONVERSION = YES;
				CLANG_WARN_DIRECT_OBJC_ISA_USAGE = YES_ERROR;
				CLANG_WARN_EMPTY_BODY = YES;
				CLANG_WARN_ENUM_CONVERSION = YES;
				CLANG_WARN_INT_CONVERSION = YES;
				CLANG_WARN_OBJC_ROOT_CLASS = YES_ERROR;
				CLANG_WARN_UNREACHABLE_CODE = YES;
				CLANG_WARN__DUPLICATE_METHOD_MATCH = YES;
				CODE_SIGN_IDENTITY = "-";
				COPY_PHASE_STRIP = NO;
				DEBUG_INFORMATION_FORMAT = dwarf;
				ENABLE_STRICT_OBJC_MSGSEND = YES;
				ENABLE_TESTABILITY = YES;
				GCC_C_LANGUAGE_STANDARD = gnu99;
				GCC_DYNAMIC_NO_PIC = NO;
				GCC_NO_COMMON_BLOCKS = YES;
				GCC_OPTIMIZATION_LEVEL = 0;
				GCC_PREPROCESSOR_DEFINITIONS = (
					"DEBUG=1",
					"$(inherited)",
				);
				GCC_WARN_64_TO_32_BIT_CONVERSION = YES;
				GCC_WARN_ABOUT_RETURN_TYPE = YES_ERROR;
				GCC_WARN_UNDECLARED_SELECTOR = YES;
				GCC_WARN_UNINITIALIZED_AUTOS = YES_AGGRESSIVE;
				GCC_WARN_UNUSED_FUNCTION = YES;
				GCC_WARN_UNUSED_VARIABLE = YES;
				MACOSX_DEPLOYMENT_TARGET = 10.10;
				MTL_ENABLE_DEBUG_INFO = YES;
				ONLY_ACTIVE_ARCH = YES;
				SDKROOT = macosx;
			};
			name = Debug;
		};
		6B08FFC71C1DF5F300C66383 /* Release */ = {
			isa = XCBuildConfiguration;
			buildSettings = {
				ALWAYS_SEARCH_USER_PATHS = NO;
				CLANG_CXX_LANGUAGE_STANDARD = "gnu++0x";
				CLANG_CXX_LIBRARY = "libc++";
				CLANG_ENABLE_MODULES = YES;
				CLANG_ENABLE_OBJC_ARC = YES;
				CLANG_WARN_BOOL_CONVERSION = YES;
				CLANG_WARN_CONSTANT_CONVERSION = YES;
				CLANG_WARN_DIRECT_OBJC_ISA_USAGE = YES_ERROR;
				CLANG_WARN_EMPTY_BODY = YES;
				CLANG_WARN_ENUM_CONVERSION = YES;
				CLANG_WARN_INT_CONVERSION = YES;
				CLANG_WARN_OBJC_ROOT_CLASS = YES_ERROR;
				CLANG_WARN_UNREACHABLE_CODE = YES;
				CLANG_WARN__DUPLICATE_METHOD_MATCH = YES;
				CODE_SIGN_IDENTITY = "-";
				COPY_PHASE_STRIP = NO;
				DEBUG_INFORMATION_FORMAT = "dwarf-with-dsym";
				ENABLE_NS_ASSERTIONS = NO;
				ENABLE_STRICT_OBJC_MSGSEND = YES;
				GCC_C_LANGUAGE_STANDARD = gnu99;
				GCC_NO_COMMON_BLOCKS = YES;
				GCC_WARN_64_TO_32_BIT_CONVERSION = YES;
				GCC_WARN_ABOUT_RETURN_TYPE = YES_ERROR;
				GCC_WARN_UNDECLARED_SELECTOR = YES;
				GCC_WARN_UNINITIALIZED_AUTOS = YES_AGGRESSIVE;
				GCC_WARN_UNUSED_FUNCTION = YES;
				GCC_WARN_UNUSED_VARIABLE = YES;
				MACOSX_DEPLOYMENT_TARGET = 10.10;
				MTL_ENABLE_DEBUG_INFO = NO;
				SDKROOT = macosx;
			};
			name = Release;
		};
		6B08FFC91C1DF5F300C66383 /* Debug */ = {
			isa = XCBuildConfiguration;
			buildSettings = {
				PRODUCT_NAME = "$(TARGET_NAME)";
			};
			name = Debug;
		};
		6B08FFCA1C1DF5F300C66383 /* Release */ = {
			isa = XCBuildConfiguration;
			buildSettings = {
				PRODUCT_NAME = "$(TARGET_NAME)";
			};
			name = Release;
		};
/* End XCBuildConfiguration section */

/* Begin XCConfigurationList section */
		6B08FFBC1C1DF5F300C66383 /* Build configuration list for PBXProject "Ry Objective-C Tutorial" */ = {
			isa = XCConfigurationList;
			buildConfigurations = (
				6B08FFC61C1DF5F300C66383 /* Debug */,
				6B08FFC71C1DF5F300C66383 /* Release */,
			);
			defaultConfigurationIsVisible = 0;
			defaultConfigurationName = Release;
		};
		6B08FFC81C1DF5F300C66383 /* Build configuration list for PBXNativeTarget "Ry Objective-C Tutorial" */ = {
			isa = XCConfigurationList;
			buildConfigurations = (
				6B08FFC91C1DF5F300C66383 /* Debug */,
				6B08FFCA1C1DF5F300C66383 /* Release */,
			);
			defaultConfigurationIsVisible = 0;
		};
/* End XCConfigurationList section */
	};
	rootObject = 6B08FFB91C1DF5F300C66383 /* Project object */;
}
